
Microsoft Visual Studio Solution File, Format Version 12.00
# Visual Studio Version 17
VisualStudioVersion = 17.4.33205.214
MinimumVisualStudioVersion = 10.0.40219.1
Project("{FAE04EC0-301F-11D3-BF4B-00C04F79EFBC}") = "OnGoing_Processes", "OnGoing_Processes\OnGoing_Processes.csproj", "{FE4AD73F-915E-4582-BB97-6C9D9767F448}"
EndProject
Global
	GlobalSection(SolutionConfigurationPlatforms) = preSolution
		Debug|Any CPU = Debug|Any CPU
		Release|Any CPU = Release|Any CPU
	EndGlobalSection
	GlobalSection(ProjectConfigurationPlatforms) = postSolution
		{FE4AD73F-915E-4582-BB97-6C9D9767F448}.Debug|Any CPU.ActiveCfg = Debug|Any CPU
		{FE4AD73F-915E-4582-BB97-6C9D9767F448}.Debug|Any CPU.Build.0 = Debug|Any CPU
		{FE4AD73F-915E-4582-BB97-6C9D9767F448}.Release|Any CPU.ActiveCfg = Release|Any CPU
		{FE4AD73F-915E-4582-BB97-6C9D9767F448}.Release|Any CPU.Build.0 = Release|Any CPU
	EndGlobalSection
	GlobalSection(SolutionProperties) = preSolution
		HideSolutionNode = FALSE
	EndGlobalSection
	GlobalSection(ExtensibilityGlobals) = postSolution
		SolutionGuid = {B975F515-3D38-4AB5-A18E-C9AF8DB8D75D}
	EndGlobalSection
EndGlobal
